// !$*UTF8*$!
{
	archiveVersion = 1;
	classes = {
	};
	objectVersion = 55;
	objects = {

/* Begin PBXBuildFile section */
		3A506F5CFBB7BE190B55FDBD /* Pods_Twittor.framework in Frameworks */ = {isa = PBXBuildFile; fileRef = AE70F97BCA61FB283D59FE8F /* Pods_Twittor.framework */; };
		6E142FE028DF4F6700F1A3AF /* GoogleService-Info.plist in Resources */ = {isa = PBXBuildFile; fileRef = 6E142FDF28DF4F6700F1A3AF /* GoogleService-Info.plist */; };
		6EA7DF1C28DDED7500EC09F0 /* LoginController.swift in Sources */ = {isa = PBXBuildFile; fileRef = 6EA7DF1B28DDED7500EC09F0 /* LoginController.swift */; };
		6EA7DF1E28DDEE2D00EC09F0 /* RegistrationController.swift in Sources */ = {isa = PBXBuildFile; fileRef = 6EA7DF1D28DDEE2D00EC09F0 /* RegistrationController.swift */; };
		6EBFA7BF28DE451200B8064E /* Utilities.swift in Sources */ = {isa = PBXBuildFile; fileRef = 6EBFA7BE28DE451200B8064E /* Utilities.swift */; };
		6ED121D728DB3CDF00A499C9 /* AppDelegate.swift in Sources */ = {isa = PBXBuildFile; fileRef = 6ED121D628DB3CDF00A499C9 /* AppDelegate.swift */; };
		6ED121D928DB3CDF00A499C9 /* SceneDelegate.swift in Sources */ = {isa = PBXBuildFile; fileRef = 6ED121D828DB3CDF00A499C9 /* SceneDelegate.swift */; };
		6ED121DB28DB3CDF00A499C9 /* ViewController.swift in Sources */ = {isa = PBXBuildFile; fileRef = 6ED121DA28DB3CDF00A499C9 /* ViewController.swift */; };
		6ED121DE28DB3CDF00A499C9 /* Main.storyboard in Resources */ = {isa = PBXBuildFile; fileRef = 6ED121DC28DB3CDF00A499C9 /* Main.storyboard */; };
		6ED121E028DB3CE100A499C9 /* Assets.xcassets in Resources */ = {isa = PBXBuildFile; fileRef = 6ED121DF28DB3CE100A499C9 /* Assets.xcassets */; };
		6ED121E328DB3CE100A499C9 /* LaunchScreen.storyboard in Resources */ = {isa = PBXBuildFile; fileRef = 6ED121E128DB3CE100A499C9 /* LaunchScreen.storyboard */; };
		6ED121F128DB3D7000A499C9 /* MainTabController.swift in Sources */ = {isa = PBXBuildFile; fileRef = 6ED121F028DB3D7000A499C9 /* MainTabController.swift */; };
		6ED121F328DB3EC200A499C9 /* FeedController.swift in Sources */ = {isa = PBXBuildFile; fileRef = 6ED121F228DB3EC200A499C9 /* FeedController.swift */; };
		6ED121F528DB3EF100A499C9 /* ExploreController.swift in Sources */ = {isa = PBXBuildFile; fileRef = 6ED121F428DB3EF100A499C9 /* ExploreController.swift */; };
		6ED121F728DB3F0E00A499C9 /* NotificationsController.swift in Sources */ = {isa = PBXBuildFile; fileRef = 6ED121F628DB3F0E00A499C9 /* NotificationsController.swift */; };
		6ED121F928DB3F2700A499C9 /* ConversationController.swift in Sources */ = {isa = PBXBuildFile; fileRef = 6ED121F828DB3F2700A499C9 /* ConversationController.swift */; };
		6EDA741528DCB28D004405B3 /* Extensions.swift in Sources */ = {isa = PBXBuildFile; fileRef = 6EDA741428DCB28D004405B3 /* Extensions.swift */; };
/* End PBXBuildFile section */

/* Begin PBXFileReference section */
		1C3D7199F6A96B684AC4AA51 /* Pods-Twittor.debug.xcconfig */ = {isa = PBXFileReference; includeInIndex = 1; lastKnownFileType = text.xcconfig; name = "Pods-Twittor.debug.xcconfig"; path = "Target Support Files/Pods-Twittor/Pods-Twittor.debug.xcconfig"; sourceTree = "<group>"; };
		4C7327A5E3281A9C293D3A72 /* Pods-Twittor.release.xcconfig */ = {isa = PBXFileReference; includeInIndex = 1; lastKnownFileType = text.xcconfig; name = "Pods-Twittor.release.xcconfig"; path = "Target Support Files/Pods-Twittor/Pods-Twittor.release.xcconfig"; sourceTree = "<group>"; };
		6E142FDF28DF4F6700F1A3AF /* GoogleService-Info.plist */ = {isa = PBXFileReference; fileEncoding = 4; lastKnownFileType = text.plist.xml; path = "GoogleService-Info.plist"; sourceTree = "<group>"; };
		6EA7DF1B28DDED7500EC09F0 /* LoginController.swift */ = {isa = PBXFileReference; lastKnownFileType = sourcecode.swift; path = LoginController.swift; sourceTree = "<group>"; };
		6EA7DF1D28DDEE2D00EC09F0 /* RegistrationController.swift */ = {isa = PBXFileReference; lastKnownFileType = sourcecode.swift; path = RegistrationController.swift; sourceTree = "<group>"; };
		6EBFA7BE28DE451200B8064E /* Utilities.swift */ = {isa = PBXFileReference; lastKnownFileType = sourcecode.swift; path = Utilities.swift; sourceTree = "<group>"; };
		6ED121D328DB3CDF00A499C9 /* Twittor.app */ = {isa = PBXFileReference; explicitFileType = wrapper.application; includeInIndex = 0; path = Twittor.app; sourceTree = BUILT_PRODUCTS_DIR; };
		6ED121D628DB3CDF00A499C9 /* AppDelegate.swift */ = {isa = PBXFileReference; lastKnownFileType = sourcecode.swift; path = AppDelegate.swift; sourceTree = "<group>"; };
		6ED121D828DB3CDF00A499C9 /* SceneDelegate.swift */ = {isa = PBXFileReference; lastKnownFileType = sourcecode.swift; path = SceneDelegate.swift; sourceTree = "<group>"; };
		6ED121DA28DB3CDF00A499C9 /* ViewController.swift */ = {isa = PBXFileReference; lastKnownFileType = sourcecode.swift; path = ViewController.swift; sourceTree = "<group>"; };
		6ED121DD28DB3CDF00A499C9 /* Base */ = {isa = PBXFileReference; lastKnownFileType = file.storyboard; name = Base; path = Base.lproj/Main.storyboard; sourceTree = "<group>"; };
		6ED121DF28DB3CE100A499C9 /* Assets.xcassets */ = {isa = PBXFileReference; lastKnownFileType = folder.assetcatalog; path = Assets.xcassets; sourceTree = "<group>"; };
		6ED121E228DB3CE100A499C9 /* Base */ = {isa = PBXFileReference; lastKnownFileType = file.storyboard; name = Base; path = Base.lproj/LaunchScreen.storyboard; sourceTree = "<group>"; };
		6ED121E428DB3CE100A499C9 /* Info.plist */ = {isa = PBXFileReference; lastKnownFileType = text.plist.xml; path = Info.plist; sourceTree = "<group>"; };
		6ED121F028DB3D7000A499C9 /* MainTabController.swift */ = {isa = PBXFileReference; lastKnownFileType = sourcecode.swift; path = MainTabController.swift; sourceTree = "<group>"; };
		6ED121F228DB3EC200A499C9 /* FeedController.swift */ = {isa = PBXFileReference; lastKnownFileType = sourcecode.swift; path = FeedController.swift; sourceTree = "<group>"; };
		6ED121F428DB3EF100A499C9 /* ExploreController.swift */ = {isa = PBXFileReference; lastKnownFileType = sourcecode.swift; path = ExploreController.swift; sourceTree = "<group>"; };
		6ED121F628DB3F0E00A499C9 /* NotificationsController.swift */ = {isa = PBXFileReference; lastKnownFileType = sourcecode.swift; path = NotificationsController.swift; sourceTree = "<group>"; };
		6ED121F828DB3F2700A499C9 /* ConversationController.swift */ = {isa = PBXFileReference; lastKnownFileType = sourcecode.swift; path = ConversationController.swift; sourceTree = "<group>"; };
		6EDA741428DCB28D004405B3 /* Extensions.swift */ = {isa = PBXFileReference; fileEncoding = 4; lastKnownFileType = sourcecode.swift; path = Extensions.swift; sourceTree = "<group>"; };
		AE70F97BCA61FB283D59FE8F /* Pods_Twittor.framework */ = {isa = PBXFileReference; explicitFileType = wrapper.framework; includeInIndex = 0; path = Pods_Twittor.framework; sourceTree = BUILT_PRODUCTS_DIR; };
/* End PBXFileReference section */

/* Begin PBXFrameworksBuildPhase section */
		6ED121D028DB3CDF00A499C9 /* Frameworks */ = {
			isa = PBXFrameworksBuildPhase;
			buildActionMask = 2147483647;
			files = (
				3A506F5CFBB7BE190B55FDBD /* Pods_Twittor.framework in Frameworks */,
			);
			runOnlyForDeploymentPostprocessing = 0;
		};
/* End PBXFrameworksBuildPhase section */

/* Begin PBXGroup section */
		0D1582E9A1BA50460DF7AB5F /* Frameworks */ = {
			isa = PBXGroup;
			children = (
				AE70F97BCA61FB283D59FE8F /* Pods_Twittor.framework */,
			);
			name = Frameworks;
			sourceTree = "<group>";
		};
		51FBF3889D437A41571E8CBC /* Pods */ = {
			isa = PBXGroup;
			children = (
				1C3D7199F6A96B684AC4AA51 /* Pods-Twittor.debug.xcconfig */,
				4C7327A5E3281A9C293D3A72 /* Pods-Twittor.release.xcconfig */,
			);
			name = Pods;
			path = Pods;
			sourceTree = "<group>";
		};
		6EA7DF1A28DDED5300EC09F0 /* Authentication */ = {
			isa = PBXGroup;
			children = (
				6EA7DF1B28DDED7500EC09F0 /* LoginController.swift */,
				6EA7DF1D28DDEE2D00EC09F0 /* RegistrationController.swift */,
			);
			path = Authentication;
			sourceTree = "<group>";
		};
		6ED121CA28DB3CDF00A499C9 = {
			isa = PBXGroup;
			children = (
				6E142FDF28DF4F6700F1A3AF /* GoogleService-Info.plist */,
				6ED121D528DB3CDF00A499C9 /* Twittor */,
				6ED121D428DB3CDF00A499C9 /* Products */,
				51FBF3889D437A41571E8CBC /* Pods */,
				0D1582E9A1BA50460DF7AB5F /* Frameworks */,
			);
			sourceTree = "<group>";
		};
		6ED121D428DB3CDF00A499C9 /* Products */ = {
			isa = PBXGroup;
			children = (
				6ED121D328DB3CDF00A499C9 /* Twittor.app */,
			);
			name = Products;
			sourceTree = "<group>";
		};
		6ED121D528DB3CDF00A499C9 /* Twittor */ = {
			isa = PBXGroup;
			children = (
				6ED121EF28DB3D2800A499C9 /* Model */,
				6ED121EE28DB3D2100A499C9 /* View */,
				6ED121ED28DB3D1800A499C9 /* ViewModel */,
				6ED121EC28DB3D0D00A499C9 /* Controller */,
				6ED121EB28DB3CF300A499C9 /* API */,
				6ED121EA28DB3CEB00A499C9 /* Utils */,
				6ED121D628DB3CDF00A499C9 /* AppDelegate.swift */,
				6ED121D828DB3CDF00A499C9 /* SceneDelegate.swift */,
				6ED121DA28DB3CDF00A499C9 /* ViewController.swift */,
				6ED121DC28DB3CDF00A499C9 /* Main.storyboard */,
				6ED121DF28DB3CE100A499C9 /* Assets.xcassets */,
				6ED121E128DB3CE100A499C9 /* LaunchScreen.storyboard */,
				6ED121E428DB3CE100A499C9 /* Info.plist */,
			);
			path = Twittor;
			sourceTree = "<group>";
		};
		6ED121EA28DB3CEB00A499C9 /* Utils */ = {
			isa = PBXGroup;
			children = (
				6EDA741428DCB28D004405B3 /* Extensions.swift */,
				6EBFA7BE28DE451200B8064E /* Utilities.swift */,
			);
			path = Utils;
			sourceTree = "<group>";
		};
		6ED121EB28DB3CF300A499C9 /* API */ = {
			isa = PBXGroup;
			children = (
			);
			path = API;
			sourceTree = "<group>";
		};
		6ED121EC28DB3D0D00A499C9 /* Controller */ = {
			isa = PBXGroup;
			children = (
				6EA7DF1A28DDED5300EC09F0 /* Authentication */,
				6ED121F028DB3D7000A499C9 /* MainTabController.swift */,
				6ED121F228DB3EC200A499C9 /* FeedController.swift */,
				6ED121F428DB3EF100A499C9 /* ExploreController.swift */,
				6ED121F628DB3F0E00A499C9 /* NotificationsController.swift */,
				6ED121F828DB3F2700A499C9 /* ConversationController.swift */,
			);
			path = Controller;
			sourceTree = "<group>";
		};
		6ED121ED28DB3D1800A499C9 /* ViewModel */ = {
			isa = PBXGroup;
			children = (
			);
			path = ViewModel;
			sourceTree = "<group>";
		};
		6ED121EE28DB3D2100A499C9 /* View */ = {
			isa = PBXGroup;
			children = (
			);
			path = View;
			sourceTree = "<group>";
		};
		6ED121EF28DB3D2800A499C9 /* Model */ = {
			isa = PBXGroup;
			children = (
			);
			path = Model;
			sourceTree = "<group>";
		};
/* End PBXGroup section */

/* Begin PBXNativeTarget section */
		6ED121D228DB3CDF00A499C9 /* Twittor */ = {
			isa = PBXNativeTarget;
			buildConfigurationList = 6ED121E728DB3CE100A499C9 /* Build configuration list for PBXNativeTarget "Twittor" */;
			buildPhases = (
				1965C2FB05D6458212C1B779 /* [CP] Check Pods Manifest.lock */,
				6ED121CF28DB3CDF00A499C9 /* Sources */,
				6ED121D028DB3CDF00A499C9 /* Frameworks */,
				6ED121D128DB3CDF00A499C9 /* Resources */,
				17B39F94D3F717E05BFB74CE /* [CP] Embed Pods Frameworks */,
			);
			buildRules = (
			);
			dependencies = (
			);
			name = Twittor;
			productName = Twittor;
			productReference = 6ED121D328DB3CDF00A499C9 /* Twittor.app */;
			productType = "com.apple.product-type.application";
		};
/* End PBXNativeTarget section */

/* Begin PBXProject section */
		6ED121CB28DB3CDF00A499C9 /* Project object */ = {
			isa = PBXProject;
			attributes = {
				BuildIndependentTargetsInParallel = 1;
				LastSwiftUpdateCheck = 1400;
				LastUpgradeCheck = 1400;
				TargetAttributes = {
					6ED121D228DB3CDF00A499C9 = {
						CreatedOnToolsVersion = 14.0;
					};
				};
			};
			buildConfigurationList = 6ED121CE28DB3CDF00A499C9 /* Build configuration list for PBXProject "Twittor" */;
			compatibilityVersion = "Xcode 13.0";
			developmentRegion = en;
			hasScannedForEncodings = 0;
			knownRegions = (
				en,
				Base,
			);
			mainGroup = 6ED121CA28DB3CDF00A499C9;
			productRefGroup = 6ED121D428DB3CDF00A499C9 /* Products */;
			projectDirPath = "";
			projectRoot = "";
			targets = (
				6ED121D228DB3CDF00A499C9 /* Twittor */,
			);
		};
/* End PBXProject section */

/* Begin PBXResourcesBuildPhase section */
		6ED121D128DB3CDF00A499C9 /* Resources */ = {
			isa = PBXResourcesBuildPhase;
			buildActionMask = 2147483647;
			files = (
				6ED121E328DB3CE100A499C9 /* LaunchScreen.storyboard in Resources */,
				6E142FE028DF4F6700F1A3AF /* GoogleService-Info.plist in Resources */,
				6ED121E028DB3CE100A499C9 /* Assets.xcassets in Resources */,
				6ED121DE28DB3CDF00A499C9 /* Main.storyboard in Resources */,
			);
			runOnlyForDeploymentPostprocessing = 0;
		};
/* End PBXResourcesBuildPhase section */

/* Begin PBXShellScriptBuildPhase section */
		17B39F94D3F717E05BFB74CE /* [CP] Embed Pods Frameworks */ = {
			isa = PBXShellScriptBuildPhase;
			buildActionMask = 2147483647;
			files = (
			);
			inputFileListPaths = (
				"${PODS_ROOT}/Target Support Files/Pods-Twittor/Pods-Twittor-frameworks-${CONFIGURATION}-input-files.xcfilelist",
			);
			name = "[CP] Embed Pods Frameworks";
			outputFileListPaths = (
				"${PODS_ROOT}/Target Support Files/Pods-Twittor/Pods-Twittor-frameworks-${CONFIGURATION}-output-files.xcfilelist",
			);
			runOnlyForDeploymentPostprocessing = 0;
			shellPath = /bin/sh;
			shellScript = "\"${PODS_ROOT}/Target Support Files/Pods-Twittor/Pods-Twittor-frameworks.sh\"\n";
			showEnvVarsInLog = 0;
		};
		1965C2FB05D6458212C1B779 /* [CP] Check Pods Manifest.lock */ = {
			isa = PBXShellScriptBuildPhase;
			buildActionMask = 2147483647;
			files = (
			);
			inputFileListPaths = (
			);
			inputPaths = (
				"${PODS_PODFILE_DIR_PATH}/Podfile.lock",
				"${PODS_ROOT}/Manifest.lock",
			);
			name = "[CP] Check Pods Manifest.lock";
			outputFileListPaths = (
			);
			outputPaths = (
				"$(DERIVED_FILE_DIR)/Pods-Twittor-checkManifestLockResult.txt",
			);
			runOnlyForDeploymentPostprocessing = 0;
			shellPath = /bin/sh;
			shellScript = "diff \"${PODS_PODFILE_DIR_PATH}/Podfile.lock\" \"${PODS_ROOT}/Manifest.lock\" > /dev/null\nif [ $? != 0 ] ; then\n    # print error to STDERR\n    echo \"error: The sandbox is not in sync with the Podfile.lock. Run 'pod install' or update your CocoaPods installation.\" >&2\n    exit 1\nfi\n# This output is used by Xcode 'outputs' to avoid re-running this script phase.\necho \"SUCCESS\" > \"${SCRIPT_OUTPUT_FILE_0}\"\n";
			showEnvVarsInLog = 0;
		};
/* End PBXShellScriptBuildPhase section */

/* Begin PBXSourcesBuildPhase section */
		6ED121CF28DB3CDF00A499C9 /* Sources */ = {
			isa = PBXSourcesBuildPhase;
			buildActionMask = 2147483647;
			files = (
				6ED121DB28DB3CDF00A499C9 /* ViewController.swift in Sources */,
				6EDA741528DCB28D004405B3 /* Extensions.swift in Sources */,
				6ED121D728DB3CDF00A499C9 /* AppDelegate.swift in Sources */,
				6ED121F328DB3EC200A499C9 /* FeedController.swift in Sources */,
				6ED121F128DB3D7000A499C9 /* MainTabController.swift in Sources */,
				6ED121F728DB3F0E00A499C9 /* NotificationsController.swift in Sources */,
				6EBFA7BF28DE451200B8064E /* Utilities.swift in Sources */,
				6EA7DF1E28DDEE2D00EC09F0 /* RegistrationController.swift in Sources */,
				6ED121D928DB3CDF00A499C9 /* SceneDelegate.swift in Sources */,
				6ED121F928DB3F2700A499C9 /* ConversationController.swift in Sources */,
				6ED121F528DB3EF100A499C9 /* ExploreController.swift in Sources */,
				6EA7DF1C28DDED7500EC09F0 /* LoginController.swift in Sources */,
			);
			runOnlyForDeploymentPostprocessing = 0;
		};
/* End PBXSourcesBuildPhase section */

/* Begin PBXVariantGroup section */
		6ED121DC28DB3CDF00A499C9 /* Main.storyboard */ = {
			isa = PBXVariantGroup;
			children = (
				6ED121DD28DB3CDF00A499C9 /* Base */,
			);
			name = Main.storyboard;
			sourceTree = "<group>";
		};
		6ED121E128DB3CE100A499C9 /* LaunchScreen.storyboard */ = {
			isa = PBXVariantGroup;
			children = (
				6ED121E228DB3CE100A499C9 /* Base */,
			);
			name = LaunchScreen.storyboard;
			sourceTree = "<group>";
		};
/* End PBXVariantGroup section */

/* Begin XCBuildConfiguration section */
		6ED121E528DB3CE100A499C9 /* Debug */ = {
			isa = XCBuildConfiguration;
			buildSettings = {
				ALWAYS_SEARCH_USER_PATHS = NO;
				CLANG_ANALYZER_NONNULL = YES;
				CLANG_ANALYZER_NUMBER_OBJECT_CONVERSION = YES_AGGRESSIVE;
				CLANG_CXX_LANGUAGE_STANDARD = "gnu++20";
				CLANG_ENABLE_MODULES = YES;
				CLANG_ENABLE_OBJC_ARC = YES;
				CLANG_ENABLE_OBJC_WEAK = YES;
				CLANG_WARN_BLOCK_CAPTURE_AUTORELEASING = YES;
				CLANG_WARN_BOOL_CONVERSION = YES;
				CLANG_WARN_COMMA = YES;
				CLANG_WARN_CONSTANT_CONVERSION = YES;
				CLANG_WARN_DEPRECATED_OBJC_IMPLEMENTATIONS = YES;
				CLANG_WARN_DIRECT_OBJC_ISA_USAGE = YES_ERROR;
				CLANG_WARN_DOCUMENTATION_COMMENTS = YES;
				CLANG_WARN_EMPTY_BODY = YES;
				CLANG_WARN_ENUM_CONVERSION = YES;
				CLANG_WARN_INFINITE_RECURSION = YES;
				CLANG_WARN_INT_CONVERSION = YES;
				CLANG_WARN_NON_LITERAL_NULL_CONVERSION = YES;
				CLANG_WARN_OBJC_IMPLICIT_RETAIN_SELF = YES;
				CLANG_WARN_OBJC_LITERAL_CONVERSION = YES;
				CLANG_WARN_OBJC_ROOT_CLASS = YES_ERROR;
				CLANG_WARN_QUOTED_INCLUDE_IN_FRAMEWORK_HEADER = YES;
				CLANG_WARN_RANGE_LOOP_ANALYSIS = YES;
				CLANG_WARN_STRICT_PROTOTYPES = YES;
				CLANG_WARN_SUSPICIOUS_MOVE = YES;
				CLANG_WARN_UNGUARDED_AVAILABILITY = YES_AGGRESSIVE;
				CLANG_WARN_UNREACHABLE_CODE = YES;
				CLANG_WARN__DUPLICATE_METHOD_MATCH = YES;
				COPY_PHASE_STRIP = NO;
				DEBUG_INFORMATION_FORMAT = dwarf;
				ENABLE_STRICT_OBJC_MSGSEND = YES;
				ENABLE_TESTABILITY = YES;
				GCC_C_LANGUAGE_STANDARD = gnu11;
				GCC_DYNAMIC_NO_PIC = NO;
				GCC_NO_COMMON_BLOCKS = YES;
				GCC_OPTIMIZATION_LEVEL = 0;
				GCC_PREPROCESSOR_DEFINITIONS = (
					"DEBUG=1",
					"$(inherited)",
				);
				GCC_WARN_64_TO_32_BIT_CONVERSION = YES;
				GCC_WARN_ABOUT_RETURN_TYPE = YES_ERROR;
				GCC_WARN_UNDECLARED_SELECTOR = YES;
				GCC_WARN_UNINITIALIZED_AUTOS = YES_AGGRESSIVE;
				GCC_WARN_UNUSED_FUNCTION = YES;
				GCC_WARN_UNUSED_VARIABLE = YES;
				IPHONEOS_DEPLOYMENT_TARGET = 16.0;
				MTL_ENABLE_DEBUG_INFO = INCLUDE_SOURCE;
				MTL_FAST_MATH = YES;
				ONLY_ACTIVE_ARCH = YES;
				SDKROOT = iphoneos;
				SWIFT_ACTIVE_COMPILATION_CONDITIONS = DEBUG;
				SWIFT_OPTIMIZATION_LEVEL = "-Onone";
			};
			name = Debug;
		};
		6ED121E628DB3CE100A499C9 /* Release */ = {
			isa = XCBuildConfiguration;
			buildSettings = {
				ALWAYS_SEARCH_USER_PATHS = NO;
				CLANG_ANALYZER_NONNULL = YES;
				CLANG_ANALYZER_NUMBER_OBJECT_CONVERSION = YES_AGGRESSIVE;
				CLANG_CXX_LANGUAGE_STANDARD = "gnu++20";
				CLANG_ENABLE_MODULES = YES;
				CLANG_ENABLE_OBJC_ARC = YES;
				CLANG_ENABLE_OBJC_WEAK = YES;
				CLANG_WARN_BLOCK_CAPTURE_AUTORELEASING = YES;
				CLANG_WARN_BOOL_CONVERSION = YES;
				CLANG_WARN_COMMA = YES;
				CLANG_WARN_CONSTANT_CONVERSION = YES;
				CLANG_WARN_DEPRECATED_OBJC_IMPLEMENTATIONS = YES;
				CLANG_WARN_DIRECT_OBJC_ISA_USAGE = YES_ERROR;
				CLANG_WARN_DOCUMENTATION_COMMENTS = YES;
				CLANG_WARN_EMPTY_BODY = YES;
				CLANG_WARN_ENUM_CONVERSION = YES;
				CLANG_WARN_INFINITE_RECURSION = YES;
				CLANG_WARN_INT_CONVERSION = YES;
				CLANG_WARN_NON_LITERAL_NULL_CONVERSION = YES;
				CLANG_WARN_OBJC_IMPLICIT_RETAIN_SELF = YES;
				CLANG_WARN_OBJC_LITERAL_CONVERSION = YES;
				CLANG_WARN_OBJC_ROOT_CLASS = YES_ERROR;
				CLANG_WARN_QUOTED_INCLUDE_IN_FRAMEWORK_HEADER = YES;
				CLANG_WARN_RANGE_LOOP_ANALYSIS = YES;
				CLANG_WARN_STRICT_PROTOTYPES = YES;
				CLANG_WARN_SUSPICIOUS_MOVE = YES;
				CLANG_WARN_UNGUARDED_AVAILABILITY = YES_AGGRESSIVE;
				CLANG_WARN_UNREACHABLE_CODE = YES;
				CLANG_WARN__DUPLICATE_METHOD_MATCH = YES;
				COPY_PHASE_STRIP = NO;
				DEBUG_INFORMATION_FORMAT = "dwarf-with-dsym";
				ENABLE_NS_ASSERTIONS = NO;
				ENABLE_STRICT_OBJC_MSGSEND = YES;
				GCC_C_LANGUAGE_STANDARD = gnu11;
				GCC_NO_COMMON_BLOCKS = YES;
				GCC_WARN_64_TO_32_BIT_CONVERSION = YES;
				GCC_WARN_ABOUT_RETURN_TYPE = YES_ERROR;
				GCC_WARN_UNDECLARED_SELECTOR = YES;
				GCC_WARN_UNINITIALIZED_AUTOS = YES_AGGRESSIVE;
				GCC_WARN_UNUSED_FUNCTION = YES;
				GCC_WARN_UNUSED_VARIABLE = YES;
				IPHONEOS_DEPLOYMENT_TARGET = 16.0;
				MTL_ENABLE_DEBUG_INFO = NO;
				MTL_FAST_MATH = YES;
				SDKROOT = iphoneos;
				SWIFT_COMPILATION_MODE = wholemodule;
				SWIFT_OPTIMIZATION_LEVEL = "-O";
				VALIDATE_PRODUCT = YES;
			};
			name = Release;
		};
		6ED121E828DB3CE100A499C9 /* Debug */ = {
			isa = XCBuildConfiguration;
			baseConfigurationReference = 1C3D7199F6A96B684AC4AA51 /* Pods-Twittor.debug.xcconfig */;
			buildSettings = {
				ASSETCATALOG_COMPILER_APPICON_NAME = AppIcon;
				ASSETCATALOG_COMPILER_GLOBAL_ACCENT_COLOR_NAME = AccentColor;
				CODE_SIGN_STYLE = Automatic;
				CURRENT_PROJECT_VERSION = 1;
				DEVELOPMENT_TEAM = A9C65F4S84;
				GENERATE_INFOPLIST_FILE = YES;
				INFOPLIST_FILE = Twittor/Info.plist;
				INFOPLIST_KEY_UIApplicationSupportsIndirectInputEvents = YES;
				INFOPLIST_KEY_UILaunchStoryboardName = LaunchScreen;
				INFOPLIST_KEY_UIMainStoryboardFile = Main;
				INFOPLIST_KEY_UISupportedInterfaceOrientations_iPad = "UIInterfaceOrientationPortrait UIInterfaceOrientationPortraitUpsideDown UIInterfaceOrientationLandscapeLeft UIInterfaceOrientationLandscapeRight";
				INFOPLIST_KEY_UISupportedInterfaceOrientations_iPhone = "UIInterfaceOrientationPortrait UIInterfaceOrientationLandscapeLeft UIInterfaceOrientationLandscapeRight";
				LD_RUNPATH_SEARCH_PATHS = (
					"$(inherited)",
					"@executable_path/Frameworks",
				);
				MARKETING_VERSION = 1.0;
				PRODUCT_BUNDLE_IDENTIFIER = com.lukwan.Twittor;
				PRODUCT_NAME = "$(TARGET_NAME)";
				SWIFT_EMIT_LOC_STRINGS = YES;
				SWIFT_VERSION = 5.0;
				TARGETED_DEVICE_FAMILY = "1,2";
			};
			name = Debug;
		};
		6ED121E928DB3CE100A499C9 /* Release */ = {
			isa = XCBuildConfiguration;
			baseConfigurationReference = 4C7327A5E3281A9C293D3A72 /* Pods-Twittor.release.xcconfig */;
			buildSettings = {
				ASSETCATALOG_COMPILER_APPICON_NAME = AppIcon;
				ASSETCATALOG_COMPILER_GLOBAL_ACCENT_COLOR_NAME = AccentColor;
				CODE_SIGN_STYLE = Automatic;
				CURRENT_PROJECT_VERSION = 1;
				DEVELOPMENT_TEAM = A9C65F4S84;
				GENERATE_INFOPLIST_FILE = YES;
				INFOPLIST_FILE = Twittor/Info.plist;
				INFOPLIST_KEY_UIApplicationSupportsIndirectInputEvents = YES;
				INFOPLIST_KEY_UILaunchStoryboardName = LaunchScreen;
				INFOPLIST_KEY_UIMainStoryboardFile = Main;
				INFOPLIST_KEY_UISupportedInterfaceOrientations_iPad = "UIInterfaceOrientationPortrait UIInterfaceOrientationPortraitUpsideDown UIInterfaceOrientationLandscapeLeft UIInterfaceOrientationLandscapeRight";
				INFOPLIST_KEY_UISupportedInterfaceOrientations_iPhone = "UIInterfaceOrientationPortrait UIInterfaceOrientationLandscapeLeft UIInterfaceOrientationLandscapeRight";
				LD_RUNPATH_SEARCH_PATHS = (
					"$(inherited)",
					"@executable_path/Frameworks",
				);
				MARKETING_VERSION = 1.0;
				PRODUCT_BUNDLE_IDENTIFIER = com.lukwan.Twittor;
				PRODUCT_NAME = "$(TARGET_NAME)";
				SWIFT_EMIT_LOC_STRINGS = YES;
				SWIFT_VERSION = 5.0;
				TARGETED_DEVICE_FAMILY = "1,2";
			};
			name = Release;
		};
/* End XCBuildConfiguration section */

/* Begin XCConfigurationList section */
		6ED121CE28DB3CDF00A499C9 /* Build configuration list for PBXProject "Twittor" */ = {
			isa = XCConfigurationList;
			buildConfigurations = (
				6ED121E528DB3CE100A499C9 /* Debug */,
				6ED121E628DB3CE100A499C9 /* Release */,
			);
			defaultConfigurationIsVisible = 0;
			defaultConfigurationName = Release;
		};
		6ED121E728DB3CE100A499C9 /* Build configuration list for PBXNativeTarget "Twittor" */ = {
			isa = XCConfigurationList;
			buildConfigurations = (
				6ED121E828DB3CE100A499C9 /* Debug */,
				6ED121E928DB3CE100A499C9 /* Release */,
			);
			defaultConfigurationIsVisible = 0;
			defaultConfigurationName = Release;
		};
/* End XCConfigurationList section */
	};
	rootObject = 6ED121CB28DB3CDF00A499C9 /* Project object */;
}
